
Microsoft Visual Studio Solution File, Format Version 12.00
# Visual Studio 14
VisualStudioVersion = 14.0.25420.1
MinimumVisualStudioVersion = 10.0.40219.1
Project("{FAE04EC0-301F-11D3-BF4B-00C04F79EFBC}") = "TreeApp", "TreeApp\TreeApp.csproj", "{87085402-C647-49B7-81E0-05139F38F0F2}"
EndProject
Project("{FAE04EC0-301F-11D3-BF4B-00C04F79EFBC}") = "TreeAppTest", "TreeAppTest\TreeAppTest.csproj", "{16278777-2C2A-4271-A708-FB3309002FF4}"
EndProject
Global
	GlobalSection(SolutionConfigurationPlatforms) = preSolution
		Debug|Any CPU = Debug|Any CPU
		Release|Any CPU = Release|Any CPU
	EndGlobalSection
	GlobalSection(ProjectConfigurationPlatforms) = postSolution
		{87085402-C647-49B7-81E0-05139F38F0F2}.Debug|Any CPU.ActiveCfg = Debug|Any CPU
		{87085402-C647-49B7-81E0-05139F38F0F2}.Debug|Any CPU.Build.0 = Debug|Any CPU
		{87085402-C647-49B7-81E0-05139F38F0F2}.Release|Any CPU.ActiveCfg = Release|Any CPU
		{87085402-C647-49B7-81E0-05139F38F0F2}.Release|Any CPU.Build.0 = Release|Any CPU
		{16278777-2C2A-4271-A708-FB3309002FF4}.Debug|Any CPU.ActiveCfg = Debug|Any CPU
		{16278777-2C2A-4271-A708-FB3309002FF4}.Debug|Any CPU.Build.0 = Debug|Any CPU
		{16278777-2C2A-4271-A708-FB3309002FF4}.Release|Any CPU.ActiveCfg = Release|Any CPU
		{16278777-2C2A-4271-A708-FB3309002FF4}.Release|Any CPU.Build.0 = Release|Any CPU
	EndGlobalSection
	GlobalSection(SolutionProperties) = preSolution
		HideSolutionNode = FALSE
	EndGlobalSection
EndGlobal
